
Microsoft Visual Studio Solution File, Format Version 11.00
# Visual Studio 2010
Project("{FAE04EC0-301F-11D3-BF4B-00C04F79EFBC}") = "Sleepless Survivor", "Assembly-CSharp.csproj", "{6EB727D1-B344-6DB4-D48E-13413B7A0F2A}"
EndProject
Project("{FAE04EC0-301F-11D3-BF4B-00C04F79EFBC}") = "Sleepless Survivor", "Assembly-CSharp-Editor.csproj", "{249B502B-E2B5-312E-0E50-D6A222053885}"
EndProject
Global
	GlobalSection(SolutionConfigurationPlatforms) = preSolution
		Debug|Any CPU = Debug|Any CPU
		Release|Any CPU = Release|Any CPU
	EndGlobalSection
	GlobalSection(ProjectConfigurationPlatforms) = postSolution
		{6EB727D1-B344-6DB4-D48E-13413B7A0F2A}.Debug|Any CPU.ActiveCfg = Debug|Any CPU
		{6EB727D1-B344-6DB4-D48E-13413B7A0F2A}.Debug|Any CPU.Build.0 = Debug|Any CPU
		{6EB727D1-B344-6DB4-D48E-13413B7A0F2A}.Release|Any CPU.ActiveCfg = Release|Any CPU
		{6EB727D1-B344-6DB4-D48E-13413B7A0F2A}.Release|Any CPU.Build.0 = Release|Any CPU
		{249B502B-E2B5-312E-0E50-D6A222053885}.Debug|Any CPU.ActiveCfg = Debug|Any CPU
		{249B502B-E2B5-312E-0E50-D6A222053885}.Debug|Any CPU.Build.0 = Debug|Any CPU
		{249B502B-E2B5-312E-0E50-D6A222053885}.Release|Any CPU.ActiveCfg = Release|Any CPU
		{249B502B-E2B5-312E-0E50-D6A222053885}.Release|Any CPU.Build.0 = Release|Any CPU
	EndGlobalSection
	GlobalSection(SolutionProperties) = preSolution
		HideSolutionNode = FALSE
	EndGlobalSection
	GlobalSection(MonoDevelopProperties) = preSolution
		StartupItem = Assembly-CSharp.csproj
	EndGlobalSection
EndGlobal
